
Microsoft Visual Studio Solution File, Format Version 12.00
# Visual Studio Version 17
VisualStudioVersion = 17.4.33205.214
MinimumVisualStudioVersion = 10.0.40219.1
Project("{FAE04EC0-301F-11D3-BF4B-00C04F79EFBC}") = "ChatRoomServer", "ChatRoomServer\ChatRoomServer.csproj", "{15178AA1-ED6B-42C1-933F-F001D645E816}"
EndProject
Project("{FAE04EC0-301F-11D3-BF4B-00C04F79EFBC}") = "ChatRoomServerTests", "ChatRoomServerTests\ChatRoomServerTests.csproj", "{4F0EF002-DFBB-4827-9BC7-9A2767E00BD2}"
EndProject
Global
	GlobalSection(SolutionConfigurationPlatforms) = preSolution
		Debug|Any CPU = Debug|Any CPU
		Release|Any CPU = Release|Any CPU
	EndGlobalSection
	GlobalSection(ProjectConfigurationPlatforms) = postSolution
		{15178AA1-ED6B-42C1-933F-F001D645E816}.Debug|Any CPU.ActiveCfg = Debug|Any CPU
		{15178AA1-ED6B-42C1-933F-F001D645E816}.Debug|Any CPU.Build.0 = Debug|Any CPU
		{15178AA1-ED6B-42C1-933F-F001D645E816}.Release|Any CPU.ActiveCfg = Release|Any CPU
		{15178AA1-ED6B-42C1-933F-F001D645E816}.Release|Any CPU.Build.0 = Release|Any CPU
		{4F0EF002-DFBB-4827-9BC7-9A2767E00BD2}.Debug|Any CPU.ActiveCfg = Debug|Any CPU
		{4F0EF002-DFBB-4827-9BC7-9A2767E00BD2}.Debug|Any CPU.Build.0 = Debug|Any CPU
		{4F0EF002-DFBB-4827-9BC7-9A2767E00BD2}.Release|Any CPU.ActiveCfg = Release|Any CPU
		{4F0EF002-DFBB-4827-9BC7-9A2767E00BD2}.Release|Any CPU.Build.0 = Release|Any CPU
	EndGlobalSection
	GlobalSection(SolutionProperties) = preSolution
		HideSolutionNode = FALSE
	EndGlobalSection
	GlobalSection(ExtensibilityGlobals) = postSolution
		SolutionGuid = {77B7D654-D0E5-4716-9657-887D1A803F86}
	EndGlobalSection
EndGlobal
